
Microsoft Visual Studio Solution File, Format Version 12.00
# Visual Studio Version 17
VisualStudioVersion = 17.0.31903.59
MinimumVisualStudioVersion = 10.0.40219.1
Project("{FAE04EC0-301F-11D3-BF4B-00C04F79EFBC}") = "PlatypusTools.Core", "PlatypusTools.Core\PlatypusTools.Core.csproj", "{9A19103F-16F7-4668-BE54-9A1E7A4F7556}"
EndProject
Project("{FAE04EC0-301F-11D3-BF4B-00C04F79EFBC}") = "PlatypusTools.UI", "PlatypusTools.UI\PlatypusTools.UI.csproj", "{2D5E8B4E-4E5E-4F5E-8E5E-4E5E4E5E4E5E}"
EndProject
Project("{FAE04EC0-301F-11D3-BF4B-00C04F79EFBC}") = "PlatypusTools.Core.Tests", "PlatypusTools.Core.Tests\PlatypusTools.Core.Tests.csproj", "{3E5E8B4E-4E5E-4F5E-8E5E-4E5E4E5E4E5E}"
EndProject
Project("{930C7802-8A8C-48F9-8165-68863BCCD9DD}") = "PlatypusTools.Installer", "PlatypusTools.Installer\PlatypusTools.Installer.wixproj", "{5E5E8B4E-4E5E-4F5E-8E5E-4E5E4E5E4E5E}"
EndProject
Project("{2150E333-8FDC-42A3-9474-1A3956D46DE8}") = "samples", "samples", "{7E5E8B4E-4E5E-4F5E-8E5E-4E5E4E5E4E5E}"
EndProject
Project("{FAE04EC0-301F-11D3-BF4B-00C04F79EFBC}") = "SamplePlugin", "samples\SamplePlugin\SamplePlugin.csproj", "{8E5E8B4E-4E5E-4F5E-8E5E-4E5E4E5E4E5E}"
EndProject
Project("{FAE04EC0-301F-11D3-BF4B-00C04F79EFBC}") = "PlatypusTools.Remote.Server", "PlatypusTools.Remote.Server\PlatypusTools.Remote.Server.csproj", "{E281378B-3457-4D9B-8626-A1A49F220782}"
EndProject
Project("{FAE04EC0-301F-11D3-BF4B-00C04F79EFBC}") = "PlatypusTools.Remote.Client", "PlatypusTools.Remote.Client\PlatypusTools.Remote.Client.csproj", "{A1936E05-5BC6-4FC2-AAE9-2AD0AD622215}"
EndProject
Global
	GlobalSection(SolutionConfigurationPlatforms) = preSolution
		Debug|Any CPU = Debug|Any CPU
		Debug|x64 = Debug|x64
		Debug|x86 = Debug|x86
		Release|Any CPU = Release|Any CPU
		Release|x64 = Release|x64
		Release|x86 = Release|x86
	EndGlobalSection
	GlobalSection(ProjectConfigurationPlatforms) = postSolution
		{9A19103F-16F7-4668-BE54-9A1E7A4F7556}.Debug|Any CPU.ActiveCfg = Debug|Any CPU
		{9A19103F-16F7-4668-BE54-9A1E7A4F7556}.Debug|Any CPU.Build.0 = Debug|Any CPU
		{9A19103F-16F7-4668-BE54-9A1E7A4F7556}.Debug|x64.ActiveCfg = Debug|Any CPU
		{9A19103F-16F7-4668-BE54-9A1E7A4F7556}.Debug|x64.Build.0 = Debug|Any CPU
		{9A19103F-16F7-4668-BE54-9A1E7A4F7556}.Debug|x86.ActiveCfg = Debug|Any CPU
		{9A19103F-16F7-4668-BE54-9A1E7A4F7556}.Debug|x86.Build.0 = Debug|Any CPU
		{9A19103F-16F7-4668-BE54-9A1E7A4F7556}.Release|Any CPU.ActiveCfg = Release|Any CPU
		{9A19103F-16F7-4668-BE54-9A1E7A4F7556}.Release|Any CPU.Build.0 = Release|Any CPU
		{9A19103F-16F7-4668-BE54-9A1E7A4F7556}.Release|x64.ActiveCfg = Release|Any CPU
		{9A19103F-16F7-4668-BE54-9A1E7A4F7556}.Release|x64.Build.0 = Release|Any CPU
		{9A19103F-16F7-4668-BE54-9A1E7A4F7556}.Release|x86.ActiveCfg = Release|Any CPU
		{9A19103F-16F7-4668-BE54-9A1E7A4F7556}.Release|x86.Build.0 = Release|Any CPU
		{2D5E8B4E-4E5E-4F5E-8E5E-4E5E4E5E4E5E}.Debug|Any CPU.ActiveCfg = Debug|Any CPU
		{2D5E8B4E-4E5E-4F5E-8E5E-4E5E4E5E4E5E}.Debug|Any CPU.Build.0 = Debug|Any CPU
		{2D5E8B4E-4E5E-4F5E-8E5E-4E5E4E5E4E5E}.Debug|x64.ActiveCfg = Debug|Any CPU
		{2D5E8B4E-4E5E-4F5E-8E5E-4E5E4E5E4E5E}.Debug|x64.Build.0 = Debug|Any CPU
		{2D5E8B4E-4E5E-4F5E-8E5E-4E5E4E5E4E5E}.Debug|x86.ActiveCfg = Debug|Any CPU
		{2D5E8B4E-4E5E-4F5E-8E5E-4E5E4E5E4E5E}.Debug|x86.Build.0 = Debug|Any CPU
		{2D5E8B4E-4E5E-4F5E-8E5E-4E5E4E5E4E5E}.Release|Any CPU.ActiveCfg = Release|Any CPU
		{2D5E8B4E-4E5E-4F5E-8E5E-4E5E4E5E4E5E}.Release|Any CPU.Build.0 = Release|Any CPU
		{2D5E8B4E-4E5E-4F5E-8E5E-4E5E4E5E4E5E}.Release|x64.ActiveCfg = Release|Any CPU
		{2D5E8B4E-4E5E-4F5E-8E5E-4E5E4E5E4E5E}.Release|x64.Build.0 = Release|Any CPU
		{2D5E8B4E-4E5E-4F5E-8E5E-4E5E4E5E4E5E}.Release|x86.ActiveCfg = Release|Any CPU
		{2D5E8B4E-4E5E-4F5E-8E5E-4E5E4E5E4E5E}.Release|x86.Build.0 = Release|Any CPU
		{3E5E8B4E-4E5E-4F5E-8E5E-4E5E4E5E4E5E}.Debug|Any CPU.ActiveCfg = Debug|Any CPU
		{3E5E8B4E-4E5E-4F5E-8E5E-4E5E4E5E4E5E}.Debug|Any CPU.Build.0 = Debug|Any CPU
		{3E5E8B4E-4E5E-4F5E-8E5E-4E5E4E5E4E5E}.Debug|x64.ActiveCfg = Debug|Any CPU
		{3E5E8B4E-4E5E-4F5E-8E5E-4E5E4E5E4E5E}.Debug|x64.Build.0 = Debug|Any CPU
		{3E5E8B4E-4E5E-4F5E-8E5E-4E5E4E5E4E5E}.Debug|x86.ActiveCfg = Debug|Any CPU
		{3E5E8B4E-4E5E-4F5E-8E5E-4E5E4E5E4E5E}.Debug|x86.Build.0 = Debug|Any CPU
		{3E5E8B4E-4E5E-4F5E-8E5E-4E5E4E5E4E5E}.Release|Any CPU.ActiveCfg = Release|Any CPU
		{3E5E8B4E-4E5E-4F5E-8E5E-4E5E4E5E4E5E}.Release|Any CPU.Build.0 = Release|Any CPU
		{3E5E8B4E-4E5E-4F5E-8E5E-4E5E4E5E4E5E}.Release|x64.ActiveCfg = Release|Any CPU
		{3E5E8B4E-4E5E-4F5E-8E5E-4E5E4E5E4E5E}.Release|x64.Build.0 = Release|Any CPU
		{3E5E8B4E-4E5E-4F5E-8E5E-4E5E4E5E4E5E}.Release|x86.ActiveCfg = Release|Any CPU
		{3E5E8B4E-4E5E-4F5E-8E5E-4E5E4E5E4E5E}.Release|x86.Build.0 = Release|Any CPU
		{5E5E8B4E-4E5E-4F5E-8E5E-4E5E4E5E4E5E}.Debug|Any CPU.ActiveCfg = Debug|x64
		{5E5E8B4E-4E5E-4F5E-8E5E-4E5E4E5E4E5E}.Debug|x64.ActiveCfg = Debug|x64
		{5E5E8B4E-4E5E-4F5E-8E5E-4E5E4E5E4E5E}.Debug|x64.Build.0 = Debug|x64
		{5E5E8B4E-4E5E-4F5E-8E5E-4E5E4E5E4E5E}.Debug|x86.ActiveCfg = Debug|x86
		{5E5E8B4E-4E5E-4F5E-8E5E-4E5E4E5E4E5E}.Release|Any CPU.ActiveCfg = Release|x64
		{5E5E8B4E-4E5E-4F5E-8E5E-4E5E4E5E4E5E}.Release|x64.ActiveCfg = Release|x64
		{5E5E8B4E-4E5E-4F5E-8E5E-4E5E4E5E4E5E}.Release|x64.Build.0 = Release|x64
		{5E5E8B4E-4E5E-4F5E-8E5E-4E5E4E5E4E5E}.Release|x86.ActiveCfg = Release|x86
		{8E5E8B4E-4E5E-4F5E-8E5E-4E5E4E5E4E5E}.Debug|Any CPU.ActiveCfg = Debug|Any CPU
		{8E5E8B4E-4E5E-4F5E-8E5E-4E5E4E5E4E5E}.Debug|Any CPU.Build.0 = Debug|Any CPU
		{8E5E8B4E-4E5E-4F5E-8E5E-4E5E4E5E4E5E}.Debug|x64.ActiveCfg = Debug|Any CPU
		{8E5E8B4E-4E5E-4F5E-8E5E-4E5E4E5E4E5E}.Debug|x64.Build.0 = Debug|Any CPU
		{8E5E8B4E-4E5E-4F5E-8E5E-4E5E4E5E4E5E}.Debug|x86.ActiveCfg = Debug|Any CPU
		{8E5E8B4E-4E5E-4F5E-8E5E-4E5E4E5E4E5E}.Debug|x86.Build.0 = Debug|Any CPU
		{8E5E8B4E-4E5E-4F5E-8E5E-4E5E4E5E4E5E}.Release|Any CPU.ActiveCfg = Release|Any CPU
		{8E5E8B4E-4E5E-4F5E-8E5E-4E5E4E5E4E5E}.Release|Any CPU.Build.0 = Release|Any CPU
		{8E5E8B4E-4E5E-4F5E-8E5E-4E5E4E5E4E5E}.Release|x64.ActiveCfg = Release|Any CPU
		{8E5E8B4E-4E5E-4F5E-8E5E-4E5E4E5E4E5E}.Release|x64.Build.0 = Release|Any CPU
		{8E5E8B4E-4E5E-4F5E-8E5E-4E5E4E5E4E5E}.Release|x86.ActiveCfg = Release|Any CPU
		{8E5E8B4E-4E5E-4F5E-8E5E-4E5E4E5E4E5E}.Release|x86.Build.0 = Release|Any CPU
		{E281378B-3457-4D9B-8626-A1A49F220782}.Debug|Any CPU.ActiveCfg = Debug|Any CPU
		{E281378B-3457-4D9B-8626-A1A49F220782}.Debug|Any CPU.Build.0 = Debug|Any CPU
		{E281378B-3457-4D9B-8626-A1A49F220782}.Debug|x64.ActiveCfg = Debug|Any CPU
		{E281378B-3457-4D9B-8626-A1A49F220782}.Debug|x64.Build.0 = Debug|Any CPU
		{E281378B-3457-4D9B-8626-A1A49F220782}.Debug|x86.ActiveCfg = Debug|Any CPU
		{E281378B-3457-4D9B-8626-A1A49F220782}.Debug|x86.Build.0 = Debug|Any CPU
		{E281378B-3457-4D9B-8626-A1A49F220782}.Release|Any CPU.ActiveCfg = Release|Any CPU
		{E281378B-3457-4D9B-8626-A1A49F220782}.Release|Any CPU.Build.0 = Release|Any CPU
		{E281378B-3457-4D9B-8626-A1A49F220782}.Release|x64.ActiveCfg = Release|Any CPU
		{E281378B-3457-4D9B-8626-A1A49F220782}.Release|x64.Build.0 = Release|Any CPU
		{E281378B-3457-4D9B-8626-A1A49F220782}.Release|x86.ActiveCfg = Release|Any CPU
		{E281378B-3457-4D9B-8626-A1A49F220782}.Release|x86.Build.0 = Release|Any CPU
		{A1936E05-5BC6-4FC2-AAE9-2AD0AD622215}.Debug|Any CPU.ActiveCfg = Debug|Any CPU
		{A1936E05-5BC6-4FC2-AAE9-2AD0AD622215}.Debug|Any CPU.Build.0 = Debug|Any CPU
		{A1936E05-5BC6-4FC2-AAE9-2AD0AD622215}.Debug|x64.ActiveCfg = Debug|Any CPU
		{A1936E05-5BC6-4FC2-AAE9-2AD0AD622215}.Debug|x64.Build.0 = Debug|Any CPU
		{A1936E05-5BC6-4FC2-AAE9-2AD0AD622215}.Debug|x86.ActiveCfg = Debug|Any CPU
		{A1936E05-5BC6-4FC2-AAE9-2AD0AD622215}.Debug|x86.Build.0 = Debug|Any CPU
		{A1936E05-5BC6-4FC2-AAE9-2AD0AD622215}.Release|Any CPU.ActiveCfg = Release|Any CPU
		{A1936E05-5BC6-4FC2-AAE9-2AD0AD622215}.Release|Any CPU.Build.0 = Release|Any CPU
		{A1936E05-5BC6-4FC2-AAE9-2AD0AD622215}.Release|x64.ActiveCfg = Release|Any CPU
		{A1936E05-5BC6-4FC2-AAE9-2AD0AD622215}.Release|x64.Build.0 = Release|Any CPU
		{A1936E05-5BC6-4FC2-AAE9-2AD0AD622215}.Release|x86.ActiveCfg = Release|Any CPU
		{A1936E05-5BC6-4FC2-AAE9-2AD0AD622215}.Release|x86.Build.0 = Release|Any CPU
	EndGlobalSection
	GlobalSection(SolutionProperties) = preSolution
		HideSolutionNode = FALSE
	EndGlobalSection
	GlobalSection(NestedProjects) = preSolution
		{8E5E8B4E-4E5E-4F5E-8E5E-4E5E4E5E4E5E} = {7E5E8B4E-4E5E-4F5E-8E5E-4E5E4E5E4E5E}
	EndGlobalSection
	GlobalSection(ExtensibilityGlobals) = postSolution
		SolutionGuid = {A1B2C3D4-E5F6-7A8B-9C0D-E1F2A3B4C5D6}
	EndGlobalSection
EndGlobal
